
Microsoft Visual Studio Solution File, Format Version 12.00
# Visual Studio 2013
VisualStudioVersion = 12.0.30723.0
MinimumVisualStudioVersion = 10.0.40219.1
Project("{2150E333-8FDC-42A3-9474-1A3956D46DE8}") = "0 - Presentation", "0 - Presentation", "{A3A6E168-D815-47F7-8C6E-6CF0552A2BE8}"
EndProject
Project("{2150E333-8FDC-42A3-9474-1A3956D46DE8}") = "1 - Services", "1 - Services", "{DB323371-8A53-459D-A09F-4E296B6A4D69}"
EndProject
Project("{2150E333-8FDC-42A3-9474-1A3956D46DE8}") = "2 - Application", "2 - Application", "{229BA563-D382-4E17-8D01-62D1950F7321}"
EndProject
Project("{2150E333-8FDC-42A3-9474-1A3956D46DE8}") = "3 - Domain", "3 - Domain", "{781EAFE5-53DF-4253-81F2-7246779B1409}"
EndProject
Project("{2150E333-8FDC-42A3-9474-1A3956D46DE8}") = "4 - Infra", "4 - Infra", "{1BFE8A7D-2FBA-4E89-B284-50754A005B2B}"
EndProject
Project("{2150E333-8FDC-42A3-9474-1A3956D46DE8}") = "4.1 - Data", "4.1 - Data", "{22492BC3-3757-4AED-ACBD-6768556B153A}"
EndProject
Project("{2150E333-8FDC-42A3-9474-1A3956D46DE8}") = "4.2 - Cross Cutting", "4.2 - Cross Cutting", "{78F7058F-B440-4E4D-8EDF-C773BABEA434}"
EndProject
Project("{FAE04EC0-301F-11D3-BF4B-00C04F79EFBC}") = "DDD.MVC", "DDD.MVC\DDD.MVC.csproj", "{FDCDE1E1-DB11-4EA0-A5EF-0B169D5EA903}"
EndProject
Project("{FAE04EC0-301F-11D3-BF4B-00C04F79EFBC}") = "DDD.Domain", "DDD.Domain\DDD.Domain.csproj", "{E5773BB1-4BF1-4F74-8854-7ED5AA8C9F78}"
EndProject
Project("{FAE04EC0-301F-11D3-BF4B-00C04F79EFBC}") = "DDD.Infra.Data", "DDD.Infra.Data\DDD.Infra.Data.csproj", "{DB57B831-6825-43EC-9FA0-FB0917903DD0}"
EndProject
Project("{FAE04EC0-301F-11D3-BF4B-00C04F79EFBC}") = "DDD.Application", "DDD.Application\DDD.Application.csproj", "{33FB5685-6564-4EE2-AA37-9BD510FAA1B0}"
EndProject
Global
	GlobalSection(SolutionConfigurationPlatforms) = preSolution
		Debug|Any CPU = Debug|Any CPU
		Release|Any CPU = Release|Any CPU
	EndGlobalSection
	GlobalSection(ProjectConfigurationPlatforms) = postSolution
		{FDCDE1E1-DB11-4EA0-A5EF-0B169D5EA903}.Debug|Any CPU.ActiveCfg = Debug|Any CPU
		{FDCDE1E1-DB11-4EA0-A5EF-0B169D5EA903}.Debug|Any CPU.Build.0 = Debug|Any CPU
		{FDCDE1E1-DB11-4EA0-A5EF-0B169D5EA903}.Release|Any CPU.ActiveCfg = Release|Any CPU
		{FDCDE1E1-DB11-4EA0-A5EF-0B169D5EA903}.Release|Any CPU.Build.0 = Release|Any CPU
		{E5773BB1-4BF1-4F74-8854-7ED5AA8C9F78}.Debug|Any CPU.ActiveCfg = Debug|Any CPU
		{E5773BB1-4BF1-4F74-8854-7ED5AA8C9F78}.Debug|Any CPU.Build.0 = Debug|Any CPU
		{E5773BB1-4BF1-4F74-8854-7ED5AA8C9F78}.Release|Any CPU.ActiveCfg = Release|Any CPU
		{E5773BB1-4BF1-4F74-8854-7ED5AA8C9F78}.Release|Any CPU.Build.0 = Release|Any CPU
		{DB57B831-6825-43EC-9FA0-FB0917903DD0}.Debug|Any CPU.ActiveCfg = Debug|Any CPU
		{DB57B831-6825-43EC-9FA0-FB0917903DD0}.Debug|Any CPU.Build.0 = Debug|Any CPU
		{DB57B831-6825-43EC-9FA0-FB0917903DD0}.Release|Any CPU.ActiveCfg = Release|Any CPU
		{DB57B831-6825-43EC-9FA0-FB0917903DD0}.Release|Any CPU.Build.0 = Release|Any CPU
		{33FB5685-6564-4EE2-AA37-9BD510FAA1B0}.Debug|Any CPU.ActiveCfg = Debug|Any CPU
		{33FB5685-6564-4EE2-AA37-9BD510FAA1B0}.Debug|Any CPU.Build.0 = Debug|Any CPU
		{33FB5685-6564-4EE2-AA37-9BD510FAA1B0}.Release|Any CPU.ActiveCfg = Release|Any CPU
		{33FB5685-6564-4EE2-AA37-9BD510FAA1B0}.Release|Any CPU.Build.0 = Release|Any CPU
	EndGlobalSection
	GlobalSection(SolutionProperties) = preSolution
		HideSolutionNode = FALSE
	EndGlobalSection
	GlobalSection(NestedProjects) = preSolution
		{22492BC3-3757-4AED-ACBD-6768556B153A} = {1BFE8A7D-2FBA-4E89-B284-50754A005B2B}
		{78F7058F-B440-4E4D-8EDF-C773BABEA434} = {1BFE8A7D-2FBA-4E89-B284-50754A005B2B}
		{FDCDE1E1-DB11-4EA0-A5EF-0B169D5EA903} = {A3A6E168-D815-47F7-8C6E-6CF0552A2BE8}
		{E5773BB1-4BF1-4F74-8854-7ED5AA8C9F78} = {781EAFE5-53DF-4253-81F2-7246779B1409}
		{DB57B831-6825-43EC-9FA0-FB0917903DD0} = {22492BC3-3757-4AED-ACBD-6768556B153A}
		{33FB5685-6564-4EE2-AA37-9BD510FAA1B0} = {229BA563-D382-4E17-8D01-62D1950F7321}
	EndGlobalSection
EndGlobal
