
Microsoft Visual Studio Solution File, Format Version 12.00
# Visual Studio Version 17
VisualStudioVersion = 17.0.31903.59
MinimumVisualStudioVersion = 10.0.40219.1
Project("{9A19103F-16F7-4668-BE54-9A1E7A4F7556}") = "UserSecrets", "UserSecrets.csproj", "{855BA424-6D0C-4BA8-B0D6-EA41CAF1A46E}"
EndProject
Project("{FAE04EC0-301F-11D3-BF4B-00C04F79EFBC}") = "WebApi", "..\WebApi\WebApi.csproj", "{40983E05-6A16-4AC0-BEBB-E9F87069D5B1}"
EndProject
Global
	GlobalSection(SolutionConfigurationPlatforms) = preSolution
		Debug|Any CPU = Debug|Any CPU
		Release|Any CPU = Release|Any CPU
	EndGlobalSection
	GlobalSection(ProjectConfigurationPlatforms) = postSolution
		{855BA424-6D0C-4BA8-B0D6-EA41CAF1A46E}.Debug|Any CPU.ActiveCfg = Debug|Any CPU
		{855BA424-6D0C-4BA8-B0D6-EA41CAF1A46E}.Debug|Any CPU.Build.0 = Debug|Any CPU
		{855BA424-6D0C-4BA8-B0D6-EA41CAF1A46E}.Release|Any CPU.ActiveCfg = Release|Any CPU
		{855BA424-6D0C-4BA8-B0D6-EA41CAF1A46E}.Release|Any CPU.Build.0 = Release|Any CPU
		{40983E05-6A16-4AC0-BEBB-E9F87069D5B1}.Debug|Any CPU.ActiveCfg = Debug|Any CPU
		{40983E05-6A16-4AC0-BEBB-E9F87069D5B1}.Debug|Any CPU.Build.0 = Debug|Any CPU
		{40983E05-6A16-4AC0-BEBB-E9F87069D5B1}.Release|Any CPU.ActiveCfg = Release|Any CPU
		{40983E05-6A16-4AC0-BEBB-E9F87069D5B1}.Release|Any CPU.Build.0 = Release|Any CPU
	EndGlobalSection
	GlobalSection(SolutionProperties) = preSolution
		HideSolutionNode = FALSE
	EndGlobalSection
	GlobalSection(ExtensibilityGlobals) = postSolution
		SolutionGuid = {FDE6D6D0-10D4-43AF-B00C-3C90EBAB97E3}
	EndGlobalSection
EndGlobal
