
Microsoft Visual Studio Solution File, Format Version 12.00
# Visual Studio Version 17
VisualStudioVersion = 17.4.33213.308
MinimumVisualStudioVersion = 10.0.40219.1
Project("{FAE04EC0-301F-11D3-BF4B-00C04F79EFBC}") = "DockerNetApp", "DockerNetApp\DockerNetApp.csproj", "{2D5B679E-11E5-4AD5-8709-859C5BF5A55F}"
EndProject
Global
	GlobalSection(SolutionConfigurationPlatforms) = preSolution
		Debug|Any CPU = Debug|Any CPU
		Release|Any CPU = Release|Any CPU
	EndGlobalSection
	GlobalSection(ProjectConfigurationPlatforms) = postSolution
		{2D5B679E-11E5-4AD5-8709-859C5BF5A55F}.Debug|Any CPU.ActiveCfg = Debug|Any CPU
		{2D5B679E-11E5-4AD5-8709-859C5BF5A55F}.Debug|Any CPU.Build.0 = Debug|Any CPU
		{2D5B679E-11E5-4AD5-8709-859C5BF5A55F}.Release|Any CPU.ActiveCfg = Release|Any CPU
		{2D5B679E-11E5-4AD5-8709-859C5BF5A55F}.Release|Any CPU.Build.0 = Release|Any CPU
	EndGlobalSection
	GlobalSection(SolutionProperties) = preSolution
		HideSolutionNode = FALSE
	EndGlobalSection
	GlobalSection(ExtensibilityGlobals) = postSolution
		SolutionGuid = {5733922E-0191-4DA8-B77C-73D33311F6A7}
	EndGlobalSection
EndGlobal
