
Microsoft Visual Studio Solution File, Format Version 12.00
# Visual Studio Version 17
VisualStudioVersion = 17.7.34202.233
MinimumVisualStudioVersion = 10.0.40219.1
Project("{FAE04EC0-301F-11D3-BF4B-00C04F79EFBC}") = "HelloWorld.B2C", "HelloWorld.B2C\HelloWorld.B2C.csproj", "{7125E75E-4F2D-47EB-99E6-3CE24A462065}"
EndProject
Project("{54A90642-561A-4BB1-A94E-469ADEE60C69}") = "reactapp", "Spa\reactapp\reactapp.esproj", "{1C87E101-9C33-4F59-9443-31B9DA5FEE2F}"
EndProject
Project("{9A19103F-16F7-4668-BE54-9A1E7A4F7556}") = "webapi", "Spa\webapi\webapi.csproj", "{6F2DA4DB-C7B7-40A0-BA07-96C5A605F394}"
EndProject
Global
	GlobalSection(SolutionConfigurationPlatforms) = preSolution
		Debug|Any CPU = Debug|Any CPU
		Release|Any CPU = Release|Any CPU
	EndGlobalSection
	GlobalSection(ProjectConfigurationPlatforms) = postSolution
		{7125E75E-4F2D-47EB-99E6-3CE24A462065}.Debug|Any CPU.ActiveCfg = Debug|Any CPU
		{7125E75E-4F2D-47EB-99E6-3CE24A462065}.Debug|Any CPU.Build.0 = Debug|Any CPU
		{7125E75E-4F2D-47EB-99E6-3CE24A462065}.Release|Any CPU.ActiveCfg = Release|Any CPU
		{7125E75E-4F2D-47EB-99E6-3CE24A462065}.Release|Any CPU.Build.0 = Release|Any CPU
		{1C87E101-9C33-4F59-9443-31B9DA5FEE2F}.Debug|Any CPU.ActiveCfg = Debug|Any CPU
		{1C87E101-9C33-4F59-9443-31B9DA5FEE2F}.Debug|Any CPU.Build.0 = Debug|Any CPU
		{1C87E101-9C33-4F59-9443-31B9DA5FEE2F}.Debug|Any CPU.Deploy.0 = Debug|Any CPU
		{1C87E101-9C33-4F59-9443-31B9DA5FEE2F}.Release|Any CPU.ActiveCfg = Release|Any CPU
		{1C87E101-9C33-4F59-9443-31B9DA5FEE2F}.Release|Any CPU.Build.0 = Release|Any CPU
		{1C87E101-9C33-4F59-9443-31B9DA5FEE2F}.Release|Any CPU.Deploy.0 = Release|Any CPU
		{6F2DA4DB-C7B7-40A0-BA07-96C5A605F394}.Debug|Any CPU.ActiveCfg = Debug|Any CPU
		{6F2DA4DB-C7B7-40A0-BA07-96C5A605F394}.Debug|Any CPU.Build.0 = Debug|Any CPU
		{6F2DA4DB-C7B7-40A0-BA07-96C5A605F394}.Release|Any CPU.ActiveCfg = Release|Any CPU
		{6F2DA4DB-C7B7-40A0-BA07-96C5A605F394}.Release|Any CPU.Build.0 = Release|Any CPU
	EndGlobalSection
	GlobalSection(SolutionProperties) = preSolution
		HideSolutionNode = FALSE
	EndGlobalSection
	GlobalSection(ExtensibilityGlobals) = postSolution
		SolutionGuid = {4C52B976-3AA9-42C8-A503-1FDFD967E7E3}
	EndGlobalSection
EndGlobal
