
Microsoft Visual Studio Solution File, Format Version 12.00
# Visual Studio Version 16
VisualStudioVersion = 16.0.809.4
MinimumVisualStudioVersion = 10.0.40219.1
Project("{FAE04EC0-301F-11D3-BF4B-00C04F79EFBC}") = "AreYouMyType", "AreYouMyType\AreYouMyType.csproj", "{2021FB5D-88C7-4DA3-857D-39BB8ACFC261}"
EndProject
Global
	GlobalSection(SolutionConfigurationPlatforms) = preSolution
		Debug|Any CPU = Debug|Any CPU
		Release|Any CPU = Release|Any CPU
	EndGlobalSection
	GlobalSection(ProjectConfigurationPlatforms) = postSolution
		{2021FB5D-88C7-4DA3-857D-39BB8ACFC261}.Debug|Any CPU.ActiveCfg = Debug|Any CPU
		{2021FB5D-88C7-4DA3-857D-39BB8ACFC261}.Debug|Any CPU.Build.0 = Debug|Any CPU
		{2021FB5D-88C7-4DA3-857D-39BB8ACFC261}.Release|Any CPU.ActiveCfg = Release|Any CPU
		{2021FB5D-88C7-4DA3-857D-39BB8ACFC261}.Release|Any CPU.Build.0 = Release|Any CPU
	EndGlobalSection
	GlobalSection(SolutionProperties) = preSolution
		HideSolutionNode = FALSE
	EndGlobalSection
	GlobalSection(ExtensibilityGlobals) = postSolution
		SolutionGuid = {4588CF68-A77E-4A34-8FA5-A17139977167}
	EndGlobalSection
EndGlobal
