
Microsoft Visual Studio Solution File, Format Version 12.00
# Visual Studio Version 17
VisualStudioVersion = 17.5.33516.290
MinimumVisualStudioVersion = 10.0.40219.1
Project("{FAE04EC0-301F-11D3-BF4B-00C04F79EFBC}") = "dot-net-7-docker-example", "dot-net-7-docker-example\dot-net-7-docker-example.csproj", "{182C6A5F-4FEA-4B1A-9EA2-55DA0727E6CD}"
EndProject
Project("{FAE04EC0-301F-11D3-BF4B-00C04F79EFBC}") = "FunctionApp", "FunctionApp\FunctionApp.csproj", "{27256BA5-81DF-4881-885B-736CB55498C7}"
EndProject
Global
	GlobalSection(SolutionConfigurationPlatforms) = preSolution
		Debug|Any CPU = Debug|Any CPU
		Release|Any CPU = Release|Any CPU
	EndGlobalSection
	GlobalSection(ProjectConfigurationPlatforms) = postSolution
		{182C6A5F-4FEA-4B1A-9EA2-55DA0727E6CD}.Debug|Any CPU.ActiveCfg = Debug|Any CPU
		{182C6A5F-4FEA-4B1A-9EA2-55DA0727E6CD}.Debug|Any CPU.Build.0 = Debug|Any CPU
		{182C6A5F-4FEA-4B1A-9EA2-55DA0727E6CD}.Release|Any CPU.ActiveCfg = Release|Any CPU
		{182C6A5F-4FEA-4B1A-9EA2-55DA0727E6CD}.Release|Any CPU.Build.0 = Release|Any CPU
		{27256BA5-81DF-4881-885B-736CB55498C7}.Debug|Any CPU.ActiveCfg = Debug|Any CPU
		{27256BA5-81DF-4881-885B-736CB55498C7}.Debug|Any CPU.Build.0 = Debug|Any CPU
		{27256BA5-81DF-4881-885B-736CB55498C7}.Release|Any CPU.ActiveCfg = Release|Any CPU
		{27256BA5-81DF-4881-885B-736CB55498C7}.Release|Any CPU.Build.0 = Release|Any CPU
	EndGlobalSection
	GlobalSection(SolutionProperties) = preSolution
		HideSolutionNode = FALSE
	EndGlobalSection
	GlobalSection(ExtensibilityGlobals) = postSolution
		SolutionGuid = {C2BE994E-8414-4631-81EB-58FDB24985E3}
	EndGlobalSection
EndGlobal
