{
  "name": "ionic-onboarding",
  "version": "0.0.1",
  "lockfileVersion": 1,
  "requires": true,
  "dependencies": {
    "@angular/common": {
      "version": "4.1.3",
      "resolved": "https://registry.npmjs.org/@angular/common/-/common-4.1.3.tgz",
      "integrity": "sha1-58R5HjITHPdMI5QowqZ9qrLu8Bc="
    },
    "@angular/compiler": {
      "version": "4.1.3",
      "resolved": "https://registry.npmjs.org/@angular/compiler/-/compiler-4.1.3.tgz",
      "integrity": "sha1-0t0whTsM9KVHWLSjFGMsIx+clMM="
    },
    "@angular/compiler-cli": {
      "version": "4.1.3",
      "resolved": "https://registry.npmjs.org/@angular/compiler-cli/-/compiler-cli-4.1.3.tgz",
      "integrity": "sha1-wjYv/fZXVkcUgfg5+rZ1vKwhP5Y="
    },
    "@angular/core": {
      "version": "11.0.5",
      "resolved": "https://registry.npmjs.org/@angular/core/-/core-11.0.5.tgz",
      "integrity": "sha512-XAXWQi7R3ucZXQwx9QK5jSKJeQyRJ53u2dQDpr7R5stzeCy1a5hrNOkZLg9zOTTPcth/6+FrOrRZP9SMdxtw3w==",
      "requires": {
        "tslib": "^2.0.0"
      }
    },
    "@angular/forms": {
      "version": "4.1.3",
      "resolved": "https://registry.npmjs.org/@angular/forms/-/forms-4.1.3.tgz",
      "integrity": "sha1-OAq0w6+ExdHXSMKn0EFRx9yOSYI="
    },
    "@angular/http": {
      "version": "4.1.3",
      "resolved": "https://registry.npmjs.org/@angular/http/-/http-4.1.3.tgz",
      "integrity": "sha1-650cMCoBcoFfmlczENm+C964Ra4="
    },
    "@angular/platform-browser": {
      "version": "4.1.3",
      "resolved": "https://registry.npmjs.org/@angular/platform-browser/-/platform-browser-4.1.3.tgz",
      "integrity": "sha1-T6HbURndF4sxXdrlsym+4akypb0="
    },
    "@angular/platform-browser-dynamic": {
      "version": "4.1.3",
      "resolved": "https://registry.npmjs.org/@angular/platform-browser-dynamic/-/platform-browser-dynamic-4.1.3.tgz",
      "integrity": "sha1-PBP9z1kdSH9u/cHUaRPygMbYwuw="
    },
    "@ionic-native/core": {
      "version": "3.10.2",
      "resolved": "https://registry.npmjs.org/@ionic-native/core/-/core-3.10.2.tgz",
      "integrity": "sha1-RvzgHPmGNyK8RcoI2FYDjtpNdnY="
    },
    "@ionic-native/splash-screen": {
      "version": "3.10.2",
      "resolved": "https://registry.npmjs.org/@ionic-native/splash-screen/-/splash-screen-3.10.2.tgz",
      "integrity": "sha1-9dDKcYivo1LmVLSxRp4cNQMM7Vo="
    },
    "@ionic-native/status-bar": {
      "version": "3.10.2",
      "resolved": "https://registry.npmjs.org/@ionic-native/status-bar/-/status-bar-3.10.2.tgz",
      "integrity": "sha1-W2KGxLudj1dblNAA7o15b9Tyzek="
    },
    "@ionic/app-scripts": {
      "version": "1.3.7",
      "resolved": "https://registry.npmjs.org/@ionic/app-scripts/-/app-scripts-1.3.7.tgz",
      "integrity": "sha1-T2O+sOp19jQCqE4oWn6F3/ui6zY=",
      "dev": true
    },
    "@ionic/cli-plugin-ionic-angular": {
      "version": "1.3.1",
      "resolved": "https://registry.npmjs.org/@ionic/cli-plugin-ionic-angular/-/cli-plugin-ionic-angular-1.3.1.tgz",
      "integrity": "sha1-iYX1pSDbl+1iBmFUZOFz0Ibs0eo=",
      "dev": true
    },
    "@ionic/storage": {
      "version": "2.0.1",
      "resolved": "https://registry.npmjs.org/@ionic/storage/-/storage-2.0.1.tgz",
      "integrity": "sha1-uxqMJ2AH0AjXrN2kJrVgZbD9PAs="
    },
    "ionic-angular": {
      "version": "3.4.2",
      "resolved": "https://registry.npmjs.org/ionic-angular/-/ionic-angular-3.4.2.tgz",
      "integrity": "sha1-diYx8a94pa4cCqD00jsxQ1FCq+E="
    },
    "ionicons": {
      "version": "3.0.0",
      "resolved": "https://registry.npmjs.org/ionicons/-/ionicons-3.0.0.tgz",
      "integrity": "sha1-QLja9P16MRUL0AIWD2ZJbiKpjDw="
    },
    "rxjs": {
      "version": "5.4.0",
      "resolved": "https://registry.npmjs.org/rxjs/-/rxjs-5.4.0.tgz",
      "integrity": "sha1-p9sUqxV/nXqsalbmVeejhg05vyY="
    },
    "sw-toolbox": {
      "version": "3.6.0",
      "resolved": "https://registry.npmjs.org/sw-toolbox/-/sw-toolbox-3.6.0.tgz",
      "integrity": "sha1-Jt8dHHA0hljk3qKIQxkUm3sxg7U="
    },
    "tslib": {
      "version": "2.4.0",
      "resolved": "https://registry.npmjs.org/tslib/-/tslib-2.4.0.tgz",
      "integrity": "sha512-d6xOpEDfsi2CZVlPQzGeux8XMwLT9hssAsaPYExaQMuYskwb+x1x7J371tWlbBdWHroy99KnVB6qIkUbs5X3UQ=="
    },
    "typescript": {
      "version": "2.3.3",
      "resolved": "https://registry.npmjs.org/typescript/-/typescript-2.3.3.tgz",
      "integrity": "sha1-ljnzw7QBSOjKl/4IpR3RiRu2viI=",
      "dev": true
    },
    "zone.js": {
      "version": "0.8.12",
      "resolved": "https://registry.npmjs.org/zone.js/-/zone.js-0.8.12.tgz",
      "integrity": "sha1-hv9QU8mK7CkaC/S7rFAdaUoFz7s="
    }
  }
}
